// !$*UTF8*$!
{
	archiveVersion = 1;
	classes = {
	};
	objectVersion = 46;
	objects = {

/* Begin PBXBuildFile section */
		680B585518F053D200F6FAD3 /* IconPickerViewController.m in Sources */ = {isa = PBXBuildFile; fileRef = 680B585418F053D200F6FAD3 /* IconPickerViewController.m */; };
		681D567A18E720080042C185 /* Foundation.framework in Frameworks */ = {isa = PBXBuildFile; fileRef = 681D567918E720080042C185 /* Foundation.framework */; };
		681D567C18E720080042C185 /* CoreGraphics.framework in Frameworks */ = {isa = PBXBuildFile; fileRef = 681D567B18E720080042C185 /* CoreGraphics.framework */; };
		681D567E18E720080042C185 /* UIKit.framework in Frameworks */ = {isa = PBXBuildFile; fileRef = 681D567D18E720080042C185 /* UIKit.framework */; };
		681D568418E720080042C185 /* InfoPlist.strings in Resources */ = {isa = PBXBuildFile; fileRef = 681D568218E720080042C185 /* InfoPlist.strings */; };
		681D568618E720080042C185 /* main.m in Sources */ = {isa = PBXBuildFile; fileRef = 681D568518E720080042C185 /* main.m */; };
		681D568A18E720080042C185 /* ChecklistsAppDelegate.m in Sources */ = {isa = PBXBuildFile; fileRef = 681D568918E720080042C185 /* ChecklistsAppDelegate.m */; };
		681D568D18E720080042C185 /* Main.storyboard in Resources */ = {isa = PBXBuildFile; fileRef = 681D568B18E720080042C185 /* Main.storyboard */; };
		681D569018E720080042C185 /* ChecklistViewController.m in Sources */ = {isa = PBXBuildFile; fileRef = 681D568F18E720080042C185 /* ChecklistViewController.m */; };
		681D569218E720080042C185 /* Images.xcassets in Resources */ = {isa = PBXBuildFile; fileRef = 681D569118E720080042C185 /* Images.xcassets */; };
		681D569918E720080042C185 /* XCTest.framework in Frameworks */ = {isa = PBXBuildFile; fileRef = 681D569818E720080042C185 /* XCTest.framework */; };
		681D569A18E720080042C185 /* Foundation.framework in Frameworks */ = {isa = PBXBuildFile; fileRef = 681D567918E720080042C185 /* Foundation.framework */; };
		681D569B18E720080042C185 /* UIKit.framework in Frameworks */ = {isa = PBXBuildFile; fileRef = 681D567D18E720080042C185 /* UIKit.framework */; };
		681D56A318E720080042C185 /* InfoPlist.strings in Resources */ = {isa = PBXBuildFile; fileRef = 681D56A118E720080042C185 /* InfoPlist.strings */; };
		681D56A518E720080042C185 /* ChecklistsTests.m in Sources */ = {isa = PBXBuildFile; fileRef = 681D56A418E720080042C185 /* ChecklistsTests.m */; };
		681D56B018E746960042C185 /* ChecklistItem.m in Sources */ = {isa = PBXBuildFile; fileRef = 681D56AF18E746960042C185 /* ChecklistItem.m */; };
		681D56B918E77DF20042C185 /* ItemDetailViewController.m in Sources */ = {isa = PBXBuildFile; fileRef = 681D56B818E77DF20042C185 /* ItemDetailViewController.m */; };
		681DE2BB18EE26A30080D7B3 /* AllListsViewController.m in Sources */ = {isa = PBXBuildFile; fileRef = 681DE2BA18EE26A30080D7B3 /* AllListsViewController.m */; };
		681DE2BE18EE2A560080D7B3 /* Checklist.m in Sources */ = {isa = PBXBuildFile; fileRef = 681DE2BD18EE2A550080D7B3 /* Checklist.m */; };
		68983E3218EF80E300B1D974 /* ListDetailViewController.m in Sources */ = {isa = PBXBuildFile; fileRef = 68983E3118EF80E300B1D974 /* ListDetailViewController.m */; };
		68983E3518EFA45700B1D974 /* DataModel.m in Sources */ = {isa = PBXBuildFile; fileRef = 68983E3418EFA45700B1D974 /* DataModel.m */; };
/* End PBXBuildFile section */

/* Begin PBXContainerItemProxy section */
		681D569C18E720080042C185 /* PBXContainerItemProxy */ = {
			isa = PBXContainerItemProxy;
			containerPortal = 681D566E18E720080042C185 /* Project object */;
			proxyType = 1;
			remoteGlobalIDString = 681D567518E720080042C185;
			remoteInfo = Checklists;
		};
/* End PBXContainerItemProxy section */

/* Begin PBXFileReference section */
		680B585318F053D200F6FAD3 /* IconPickerViewController.h */ = {isa = PBXFileReference; fileEncoding = 4; lastKnownFileType = sourcecode.c.h; path = IconPickerViewController.h; sourceTree = "<group>"; };
		680B585418F053D200F6FAD3 /* IconPickerViewController.m */ = {isa = PBXFileReference; fileEncoding = 4; lastKnownFileType = sourcecode.c.objc; path = IconPickerViewController.m; sourceTree = "<group>"; };
		681D567618E720080042C185 /* Checklists.app */ = {isa = PBXFileReference; explicitFileType = wrapper.application; includeInIndex = 0; path = Checklists.app; sourceTree = BUILT_PRODUCTS_DIR; };
		681D567918E720080042C185 /* Foundation.framework */ = {isa = PBXFileReference; lastKnownFileType = wrapper.framework; name = Foundation.framework; path = System/Library/Frameworks/Foundation.framework; sourceTree = SDKROOT; };
		681D567B18E720080042C185 /* CoreGraphics.framework */ = {isa = PBXFileReference; lastKnownFileType = wrapper.framework; name = CoreGraphics.framework; path = System/Library/Frameworks/CoreGraphics.framework; sourceTree = SDKROOT; };
		681D567D18E720080042C185 /* UIKit.framework */ = {isa = PBXFileReference; lastKnownFileType = wrapper.framework; name = UIKit.framework; path = System/Library/Frameworks/UIKit.framework; sourceTree = SDKROOT; };
		681D568118E720080042C185 /* Checklists-Info.plist */ = {isa = PBXFileReference; lastKnownFileType = text.plist.xml; path = "Checklists-Info.plist"; sourceTree = "<group>"; };
		681D568318E720080042C185 /* en */ = {isa = PBXFileReference; lastKnownFileType = text.plist.strings; name = en; path = en.lproj/InfoPlist.strings; sourceTree = "<group>"; };
		681D568518E720080042C185 /* main.m */ = {isa = PBXFileReference; lastKnownFileType = sourcecode.c.objc; path = main.m; sourceTree = "<group>"; };
		681D568718E720080042C185 /* Checklists-Prefix.pch */ = {isa = PBXFileReference; lastKnownFileType = sourcecode.c.h; path = "Checklists-Prefix.pch"; sourceTree = "<group>"; };
		681D568818E720080042C185 /* ChecklistsAppDelegate.h */ = {isa = PBXFileReference; lastKnownFileType = sourcecode.c.h; path = ChecklistsAppDelegate.h; sourceTree = "<group>"; };
		681D568918E720080042C185 /* ChecklistsAppDelegate.m */ = {isa = PBXFileReference; lastKnownFileType = sourcecode.c.objc; path = ChecklistsAppDelegate.m; sourceTree = "<group>"; };
		681D568C18E720080042C185 /* Base */ = {isa = PBXFileReference; lastKnownFileType = file.storyboard; name = Base; path = Base.lproj/Main.storyboard; sourceTree = "<group>"; };
		681D568E18E720080042C185 /* ChecklistViewController.h */ = {isa = PBXFileReference; lastKnownFileType = sourcecode.c.h; path = ChecklistViewController.h; sourceTree = "<group>"; };
		681D568F18E720080042C185 /* ChecklistViewController.m */ = {isa = PBXFileReference; lastKnownFileType = sourcecode.c.objc; path = ChecklistViewController.m; sourceTree = "<group>"; };
		681D569118E720080042C185 /* Images.xcassets */ = {isa = PBXFileReference; lastKnownFileType = folder.assetcatalog; path = Images.xcassets; sourceTree = "<group>"; };
		681D569718E720080042C185 /* ChecklistsTests.xctest */ = {isa = PBXFileReference; explicitFileType = wrapper.cfbundle; includeInIndex = 0; path = ChecklistsTests.xctest; sourceTree = BUILT_PRODUCTS_DIR; };
		681D569818E720080042C185 /* XCTest.framework */ = {isa = PBXFileReference; lastKnownFileType = wrapper.framework; name = XCTest.framework; path = Library/Frameworks/XCTest.framework; sourceTree = DEVELOPER_DIR; };
		681D56A018E720080042C185 /* ChecklistsTests-Info.plist */ = {isa = PBXFileReference; lastKnownFileType = text.plist.xml; path = "ChecklistsTests-Info.plist"; sourceTree = "<group>"; };
		681D56A218E720080042C185 /* en */ = {isa = PBXFileReference; lastKnownFileType = text.plist.strings; name = en; path = en.lproj/InfoPlist.strings; sourceTree = "<group>"; };
		681D56A418E720080042C185 /* ChecklistsTests.m */ = {isa = PBXFileReference; lastKnownFileType = sourcecode.c.objc; path = ChecklistsTests.m; sourceTree = "<group>"; };
		681D56AE18E746960042C185 /* ChecklistItem.h */ = {isa = PBXFileReference; fileEncoding = 4; lastKnownFileType = sourcecode.c.h; path = ChecklistItem.h; sourceTree = "<group>"; };
		681D56AF18E746960042C185 /* ChecklistItem.m */ = {isa = PBXFileReference; fileEncoding = 4; lastKnownFileType = sourcecode.c.objc; path = ChecklistItem.m; sourceTree = "<group>"; };
		681D56B718E77DF20042C185 /* ItemDetailViewController.h */ = {isa = PBXFileReference; fileEncoding = 4; lastKnownFileType = sourcecode.c.h; path = ItemDetailViewController.h; sourceTree = "<group>"; };
		681D56B818E77DF20042C185 /* ItemDetailViewController.m */ = {isa = PBXFileReference; fileEncoding = 4; lastKnownFileType = sourcecode.c.objc; path = ItemDetailViewController.m; sourceTree = "<group>"; };
		681DE2B918EE26A30080D7B3 /* AllListsViewController.h */ = {isa = PBXFileReference; fileEncoding = 4; lastKnownFileType = sourcecode.c.h; path = AllListsViewController.h; sourceTree = "<group>"; };
		681DE2BA18EE26A30080D7B3 /* AllListsViewController.m */ = {isa = PBXFileReference; fileEncoding = 4; lastKnownFileType = sourcecode.c.objc; path = AllListsViewController.m; sourceTree = "<group>"; };
		681DE2BC18EE2A550080D7B3 /* Checklist.h */ = {isa = PBXFileReference; fileEncoding = 4; lastKnownFileType = sourcecode.c.h; name = Checklist.h; path = ../Checklist.h; sourceTree = "<group>"; };
		681DE2BD18EE2A550080D7B3 /* Checklist.m */ = {isa = PBXFileReference; fileEncoding = 4; lastKnownFileType = sourcecode.c.objc; name = Checklist.m; path = ../Checklist.m; sourceTree = "<group>"; };
		68983E3018EF80E300B1D974 /* ListDetailViewController.h */ = {isa = PBXFileReference; fileEncoding = 4; lastKnownFileType = sourcecode.c.h; path = ListDetailViewController.h; sourceTree = "<group>"; };
		68983E3118EF80E300B1D974 /* ListDetailViewController.m */ = {isa = PBXFileReference; fileEncoding = 4; lastKnownFileType = sourcecode.c.objc; path = ListDetailViewController.m; sourceTree = "<group>"; };
		68983E3318EFA45700B1D974 /* DataModel.h */ = {isa = PBXFileReference; fileEncoding = 4; lastKnownFileType = sourcecode.c.h; path = DataModel.h; sourceTree = "<group>"; };
		68983E3418EFA45700B1D974 /* DataModel.m */ = {isa = PBXFileReference; fileEncoding = 4; lastKnownFileType = sourcecode.c.objc; path = DataModel.m; sourceTree = "<group>"; };
/* End PBXFileReference section */

/* Begin PBXFrameworksBuildPhase section */
		681D567318E720080042C185 /* Frameworks */ = {
			isa = PBXFrameworksBuildPhase;
			buildActionMask = 2147483647;
			files = (
				681D567C18E720080042C185 /* CoreGraphics.framework in Frameworks */,
				681D567E18E720080042C185 /* UIKit.framework in Frameworks */,
				681D567A18E720080042C185 /* Foundation.framework in Frameworks */,
			);
			runOnlyForDeploymentPostprocessing = 0;
		};
		681D569418E720080042C185 /* Frameworks */ = {
			isa = PBXFrameworksBuildPhase;
			buildActionMask = 2147483647;
			files = (
				681D569918E720080042C185 /* XCTest.framework in Frameworks */,
				681D569B18E720080042C185 /* UIKit.framework in Frameworks */,
				681D569A18E720080042C185 /* Foundation.framework in Frameworks */,
			);
			runOnlyForDeploymentPostprocessing = 0;
		};
/* End PBXFrameworksBuildPhase section */

/* Begin PBXGroup section */
		681D566D18E720080042C185 = {
			isa = PBXGroup;
			children = (
				681D567F18E720080042C185 /* Checklists */,
				681D569E18E720080042C185 /* ChecklistsTests */,
				681D567818E720080042C185 /* Frameworks */,
				681D567718E720080042C185 /* Products */,
			);
			sourceTree = "<group>";
		};
		681D567718E720080042C185 /* Products */ = {
			isa = PBXGroup;
			children = (
				681D567618E720080042C185 /* Checklists.app */,
				681D569718E720080042C185 /* ChecklistsTests.xctest */,
			);
			name = Products;
			sourceTree = "<group>";
		};
		681D567818E720080042C185 /* Frameworks */ = {
			isa = PBXGroup;
			children = (
				681D567918E720080042C185 /* Foundation.framework */,
				681D567B18E720080042C185 /* CoreGraphics.framework */,
				681D567D18E720080042C185 /* UIKit.framework */,
				681D569818E720080042C185 /* XCTest.framework */,
			);
			name = Frameworks;
			sourceTree = "<group>";
		};
		681D567F18E720080042C185 /* Checklists */ = {
			isa = PBXGroup;
			children = (
				681D568818E720080042C185 /* ChecklistsAppDelegate.h */,
				681D568918E720080042C185 /* ChecklistsAppDelegate.m */,
				681D568B18E720080042C185 /* Main.storyboard */,
				681D569118E720080042C185 /* Images.xcassets */,
				681D568018E720080042C185 /* Supporting Files */,
				681DE2B918EE26A30080D7B3 /* AllListsViewController.h */,
				681DE2BA18EE26A30080D7B3 /* AllListsViewController.m */,
				681DE2BC18EE2A550080D7B3 /* Checklist.h */,
				681DE2BD18EE2A550080D7B3 /* Checklist.m */,
				681D56AE18E746960042C185 /* ChecklistItem.h */,
				681D56AF18E746960042C185 /* ChecklistItem.m */,
				681D568E18E720080042C185 /* ChecklistViewController.h */,
				681D568F18E720080042C185 /* ChecklistViewController.m */,
				68983E3318EFA45700B1D974 /* DataModel.h */,
				68983E3418EFA45700B1D974 /* DataModel.m */,
				680B585318F053D200F6FAD3 /* IconPickerViewController.h */,
				680B585418F053D200F6FAD3 /* IconPickerViewController.m */,
				681D56B718E77DF20042C185 /* ItemDetailViewController.h */,
				681D56B818E77DF20042C185 /* ItemDetailViewController.m */,
				68983E3018EF80E300B1D974 /* ListDetailViewController.h */,
				68983E3118EF80E300B1D974 /* ListDetailViewController.m */,
			);
			path = Checklists;
			sourceTree = "<group>";
		};
		681D568018E720080042C185 /* Supporting Files */ = {
			isa = PBXGroup;
			children = (
				681D568118E720080042C185 /* Checklists-Info.plist */,
				681D568218E720080042C185 /* InfoPlist.strings */,
				681D568518E720080042C185 /* main.m */,
				681D568718E720080042C185 /* Checklists-Prefix.pch */,
			);
			name = "Supporting Files";
			sourceTree = "<group>";
		};
		681D569E18E720080042C185 /* ChecklistsTests */ = {
			isa = PBXGroup;
			children = (
				681D56A418E720080042C185 /* ChecklistsTests.m */,
				681D569F18E720080042C185 /* Supporting Files */,
			);
			path = ChecklistsTests;
			sourceTree = "<group>";
		};
		681D569F18E720080042C185 /* Supporting Files */ = {
			isa = PBXGroup;
			children = (
				681D56A018E720080042C185 /* ChecklistsTests-Info.plist */,
				681D56A118E720080042C185 /* InfoPlist.strings */,
			);
			name = "Supporting Files";
			sourceTree = "<group>";
		};
/* End PBXGroup section */

/* Begin PBXNativeTarget section */
		681D567518E720080042C185 /* Checklists */ = {
			isa = PBXNativeTarget;
			buildConfigurationList = 681D56A818E720080042C185 /* Build configuration list for PBXNativeTarget "Checklists" */;
			buildPhases = (
				681D567218E720080042C185 /* Sources */,
				681D567318E720080042C185 /* Frameworks */,
				681D567418E720080042C185 /* Resources */,
			);
			buildRules = (
			);
			dependencies = (
			);
			name = Checklists;
			productName = Checklists;
			productReference = 681D567618E720080042C185 /* Checklists.app */;
			productType = "com.apple.product-type.application";
		};
		681D569618E720080042C185 /* ChecklistsTests */ = {
			isa = PBXNativeTarget;
			buildConfigurationList = 681D56AB18E720080042C185 /* Build configuration list for PBXNativeTarget "ChecklistsTests" */;
			buildPhases = (
				681D569318E720080042C185 /* Sources */,
				681D569418E720080042C185 /* Frameworks */,
				681D569518E720080042C185 /* Resources */,
			);
			buildRules = (
			);
			dependencies = (
				681D569D18E720080042C185 /* PBXTargetDependency */,
			);
			name = ChecklistsTests;
			productName = ChecklistsTests;
			productReference = 681D569718E720080042C185 /* ChecklistsTests.xctest */;
			productType = "com.apple.product-type.bundle.unit-test";
		};
/* End PBXNativeTarget section */

/* Begin PBXProject section */
		681D566E18E720080042C185 /* Project object */ = {
			isa = PBXProject;
			attributes = {
				CLASSPREFIX = Checklists;
				LastUpgradeCheck = 0510;
				ORGANIZATIONNAME = RRobinson;
				TargetAttributes = {
					681D567518E720080042C185 = {
						DevelopmentTeam = JE8PA5J25D;
					};
					681D569618E720080042C185 = {
						TestTargetID = 681D567518E720080042C185;
					};
				};
			};
			buildConfigurationList = 681D567118E720080042C185 /* Build configuration list for PBXProject "Checklists" */;
			compatibilityVersion = "Xcode 3.2";
			developmentRegion = English;
			hasScannedForEncodings = 0;
			knownRegions = (
				en,
				Base,
			);
			mainGroup = 681D566D18E720080042C185;
			productRefGroup = 681D567718E720080042C185 /* Products */;
			projectDirPath = "";
			projectRoot = "";
			targets = (
				681D567518E720080042C185 /* Checklists */,
				681D569618E720080042C185 /* ChecklistsTests */,
			);
		};
/* End PBXProject section */

/* Begin PBXResourcesBuildPhase section */
		681D567418E720080042C185 /* Resources */ = {
			isa = PBXResourcesBuildPhase;
			buildActionMask = 2147483647;
			files = (
				681D569218E720080042C185 /* Images.xcassets in Resources */,
				681D568418E720080042C185 /* InfoPlist.strings in Resources */,
				681D568D18E720080042C185 /* Main.storyboard in Resources */,
			);
			runOnlyForDeploymentPostprocessing = 0;
		};
		681D569518E720080042C185 /* Resources */ = {
			isa = PBXResourcesBuildPhase;
			buildActionMask = 2147483647;
			files = (
				681D56A318E720080042C185 /* InfoPlist.strings in Resources */,
			);
			runOnlyForDeploymentPostprocessing = 0;
		};
/* End PBXResourcesBuildPhase section */

/* Begin PBXSourcesBuildPhase section */
		681D567218E720080042C185 /* Sources */ = {
			isa = PBXSourcesBuildPhase;
			buildActionMask = 2147483647;
			files = (
				681D568618E720080042C185 /* main.m in Sources */,
				680B585518F053D200F6FAD3 /* IconPickerViewController.m in Sources */,
				681D568A18E720080042C185 /* ChecklistsAppDelegate.m in Sources */,
				68983E3518EFA45700B1D974 /* DataModel.m in Sources */,
				681DE2BB18EE26A30080D7B3 /* AllListsViewController.m in Sources */,
				68983E3218EF80E300B1D974 /* ListDetailViewController.m in Sources */,
				681D569018E720080042C185 /* ChecklistViewController.m in Sources */,
				681D56B918E77DF20042C185 /* ItemDetailViewController.m in Sources */,
				681D56B018E746960042C185 /* ChecklistItem.m in Sources */,
				681DE2BE18EE2A560080D7B3 /* Checklist.m in Sources */,
			);
			runOnlyForDeploymentPostprocessing = 0;
		};
		681D569318E720080042C185 /* Sources */ = {
			isa = PBXSourcesBuildPhase;
			buildActionMask = 2147483647;
			files = (
				681D56A518E720080042C185 /* ChecklistsTests.m in Sources */,
			);
			runOnlyForDeploymentPostprocessing = 0;
		};
/* End PBXSourcesBuildPhase section */

/* Begin PBXTargetDependency section */
		681D569D18E720080042C185 /* PBXTargetDependency */ = {
			isa = PBXTargetDependency;
			target = 681D567518E720080042C185 /* Checklists */;
			targetProxy = 681D569C18E720080042C185 /* PBXContainerItemProxy */;
		};
/* End PBXTargetDependency section */

/* Begin PBXVariantGroup section */
		681D568218E720080042C185 /* InfoPlist.strings */ = {
			isa = PBXVariantGroup;
			children = (
				681D568318E720080042C185 /* en */,
			);
			name = InfoPlist.strings;
			sourceTree = "<group>";
		};
		681D568B18E720080042C185 /* Main.storyboard */ = {
			isa = PBXVariantGroup;
			children = (
				681D568C18E720080042C185 /* Base */,
			);
			name = Main.storyboard;
			sourceTree = "<group>";
		};
		681D56A118E720080042C185 /* InfoPlist.strings */ = {
			isa = PBXVariantGroup;
			children = (
				681D56A218E720080042C185 /* en */,
			);
			name = InfoPlist.strings;
			sourceTree = "<group>";
		};
/* End PBXVariantGroup section */

/* Begin XCBuildConfiguration section */
		681D56A618E720080042C185 /* Debug */ = {
			isa = XCBuildConfiguration;
			buildSettings = {
				ALWAYS_SEARCH_USER_PATHS = NO;
				CLANG_CXX_LANGUAGE_STANDARD = "gnu++0x";
				CLANG_CXX_LIBRARY = "libc++";
				CLANG_ENABLE_MODULES = YES;
				CLANG_ENABLE_OBJC_ARC = YES;
				CLANG_WARN_BOOL_CONVERSION = YES;
				CLANG_WARN_CONSTANT_CONVERSION = YES;
				CLANG_WARN_DIRECT_OBJC_ISA_USAGE = YES_ERROR;
				CLANG_WARN_EMPTY_BODY = YES;
				CLANG_WARN_ENUM_CONVERSION = YES;
				CLANG_WARN_INT_CONVERSION = YES;
				CLANG_WARN_OBJC_ROOT_CLASS = YES_ERROR;
				CLANG_WARN__DUPLICATE_METHOD_MATCH = YES;
				"CODE_SIGN_IDENTITY[sdk=iphoneos*]" = "iPhone Developer";
				COPY_PHASE_STRIP = NO;
				GCC_C_LANGUAGE_STANDARD = gnu99;
				GCC_DYNAMIC_NO_PIC = NO;
				GCC_OPTIMIZATION_LEVEL = 0;
				GCC_PREPROCESSOR_DEFINITIONS = (
					"DEBUG=1",
					"$(inherited)",
				);
				GCC_SYMBOLS_PRIVATE_EXTERN = NO;
				GCC_WARN_64_TO_32_BIT_CONVERSION = YES;
				GCC_WARN_ABOUT_RETURN_TYPE = YES_ERROR;
				GCC_WARN_UNDECLARED_SELECTOR = YES;
				GCC_WARN_UNINITIALIZED_AUTOS = YES_AGGRESSIVE;
				GCC_WARN_UNUSED_FUNCTION = YES;
				GCC_WARN_UNUSED_VARIABLE = YES;
				IPHONEOS_DEPLOYMENT_TARGET = 7.1;
				ONLY_ACTIVE_ARCH = YES;
				SDKROOT = iphoneos;
			};
			name = Debug;
		};
		681D56A718E720080042C185 /* Release */ = {
			isa = XCBuildConfiguration;
			buildSettings = {
				ALWAYS_SEARCH_USER_PATHS = NO;
				CLANG_CXX_LANGUAGE_STANDARD = "gnu++0x";
				CLANG_CXX_LIBRARY = "libc++";
				CLANG_ENABLE_MODULES = YES;
				CLANG_ENABLE_OBJC_ARC = YES;
				CLANG_WARN_BOOL_CONVERSION = YES;
				CLANG_WARN_CONSTANT_CONVERSION = YES;
				CLANG_WARN_DIRECT_OBJC_ISA_USAGE = YES_ERROR;
				CLANG_WARN_EMPTY_BODY = YES;
				CLANG_WARN_ENUM_CONVERSION = YES;
				CLANG_WARN_INT_CONVERSION = YES;
				CLANG_WARN_OBJC_ROOT_CLASS = YES_ERROR;
				CLANG_WARN__DUPLICATE_METHOD_MATCH = YES;
				"CODE_SIGN_IDENTITY[sdk=iphoneos*]" = "iPhone Developer";
				COPY_PHASE_STRIP = YES;
				ENABLE_NS_ASSERTIONS = NO;
				GCC_C_LANGUAGE_STANDARD = gnu99;
				GCC_WARN_64_TO_32_BIT_CONVERSION = YES;
				GCC_WARN_ABOUT_RETURN_TYPE = YES_ERROR;
				GCC_WARN_UNDECLARED_SELECTOR = YES;
				GCC_WARN_UNINITIALIZED_AUTOS = YES_AGGRESSIVE;
				GCC_WARN_UNUSED_FUNCTION = YES;
				GCC_WARN_UNUSED_VARIABLE = YES;
				IPHONEOS_DEPLOYMENT_TARGET = 7.1;
				SDKROOT = iphoneos;
				VALIDATE_PRODUCT = YES;
			};
			name = Release;
		};
		681D56A918E720080042C185 /* Debug */ = {
			isa = XCBuildConfiguration;
			buildSettings = {
				ASSETCATALOG_COMPILER_APPICON_NAME = AppIcon;
				ASSETCATALOG_COMPILER_LAUNCHIMAGE_NAME = LaunchImage;
				CODE_SIGN_IDENTITY = "iPhone Developer";
				GCC_PRECOMPILE_PREFIX_HEADER = YES;
				GCC_PREFIX_HEADER = "Checklists/Checklists-Prefix.pch";
				INFOPLIST_FILE = "Checklists/Checklists-Info.plist";
				PRODUCT_NAME = "$(TARGET_NAME)";
				WRAPPER_EXTENSION = app;
			};
			name = Debug;
		};
		681D56AA18E720080042C185 /* Release */ = {
			isa = XCBuildConfiguration;
			buildSettings = {
				ASSETCATALOG_COMPILER_APPICON_NAME = AppIcon;
				ASSETCATALOG_COMPILER_LAUNCHIMAGE_NAME = LaunchImage;
				CODE_SIGN_IDENTITY = "iPhone Developer";
				GCC_PRECOMPILE_PREFIX_HEADER = YES;
				GCC_PREFIX_HEADER = "Checklists/Checklists-Prefix.pch";
				INFOPLIST_FILE = "Checklists/Checklists-Info.plist";
				PRODUCT_NAME = "$(TARGET_NAME)";
				WRAPPER_EXTENSION = app;
			};
			name = Release;
		};
		681D56AC18E720080042C185 /* Debug */ = {
			isa = XCBuildConfiguration;
			buildSettings = {
				BUNDLE_LOADER = "$(BUILT_PRODUCTS_DIR)/Checklists.app/Checklists";
				FRAMEWORK_SEARCH_PATHS = (
					"$(SDKROOT)/Developer/Library/Frameworks",
					"$(inherited)",
					"$(DEVELOPER_FRAMEWORKS_DIR)",
				);
				GCC_PRECOMPILE_PREFIX_HEADER = YES;
				GCC_PREFIX_HEADER = "Checklists/Checklists-Prefix.pch";
				GCC_PREPROCESSOR_DEFINITIONS = (
					"DEBUG=1",
					"$(inherited)",
				);
				INFOPLIST_FILE = "ChecklistsTests/ChecklistsTests-Info.plist";
				PRODUCT_NAME = "$(TARGET_NAME)";
				TEST_HOST = "$(BUNDLE_LOADER)";
				WRAPPER_EXTENSION = xctest;
			};
			name = Debug;
		};
		681D56AD18E720080042C185 /* Release */ = {
			isa = XCBuildConfiguration;
			buildSettings = {
				BUNDLE_LOADER = "$(BUILT_PRODUCTS_DIR)/Checklists.app/Checklists";
				FRAMEWORK_SEARCH_PATHS = (
					"$(SDKROOT)/Developer/Library/Frameworks",
					"$(inherited)",
					"$(DEVELOPER_FRAMEWORKS_DIR)",
				);
				GCC_PRECOMPILE_PREFIX_HEADER = YES;
				GCC_PREFIX_HEADER = "Checklists/Checklists-Prefix.pch";
				INFOPLIST_FILE = "ChecklistsTests/ChecklistsTests-Info.plist";
				PRODUCT_NAME = "$(TARGET_NAME)";
				TEST_HOST = "$(BUNDLE_LOADER)";
				WRAPPER_EXTENSION = xctest;
			};
			name = Release;
		};
/* End XCBuildConfiguration section */

/* Begin XCConfigurationList section */
		681D567118E720080042C185 /* Build configuration list for PBXProject "Checklists" */ = {
			isa = XCConfigurationList;
			buildConfigurations = (
				681D56A618E720080042C185 /* Debug */,
				681D56A718E720080042C185 /* Release */,
			);
			defaultConfigurationIsVisible = 0;
			defaultConfigurationName = Release;
		};
		681D56A818E720080042C185 /* Build configuration list for PBXNativeTarget "Checklists" */ = {
			isa = XCConfigurationList;
			buildConfigurations = (
				681D56A918E720080042C185 /* Debug */,
				681D56AA18E720080042C185 /* Release */,
			);
			defaultConfigurationIsVisible = 0;
			defaultConfigurationName = Release;
		};
		681D56AB18E720080042C185 /* Build configuration list for PBXNativeTarget "ChecklistsTests" */ = {
			isa = XCConfigurationList;
			buildConfigurations = (
				681D56AC18E720080042C185 /* Debug */,
				681D56AD18E720080042C185 /* Release */,
			);
			defaultConfigurationIsVisible = 0;
			defaultConfigurationName = Release;
		};
/* End XCConfigurationList section */
	};
	rootObject = 681D566E18E720080042C185 /* Project object */;
}
